{
  "name": "ober",
  "version": "1.0.3",
  "lockfileVersion": 1,
  "requires": true,
  "dependencies": {
    "eify": {
      "version": "1.0.2",
      "resolved": "http://registry.npm.taobao.org/eify/download/eify-1.0.2.tgz",
      "requires": {
        "ntils": "4.0.0",
        "typescript": "2.7.1"
      },
      "dependencies": {
        "ntils": {
          "version": "4.0.0",
          "resolved": "http://registry.npm.taobao.org/ntils/download/ntils-4.0.0.tgz"
        },
        "typescript": {
          "version": "2.7.1",
          "resolved": "http://registry.npm.taobao.org/typescript/download/typescript-2.7.1.tgz"
        }
      }
    }
  }
}
